
Microsoft Visual Studio Solution File, Format Version 12.00
# Visual Studio 15
VisualStudioVersion = 15.0.27703.2042
MinimumVisualStudioVersion = 10.0.40219.1
Project("{930C7802-8A8C-48F9-8165-68863BCCD9DD}") = "installer", "installer\installer.wixproj", "{BED850D5-0C11-4BA5-92A7-FAD4430D0B13}"
EndProject
Global
	GlobalSection(SolutionConfigurationPlatforms) = preSolution
		Debug|x64 = Debug|x64
		Debug|x86 = Debug|x86
		Release|x64 = Release|x64
		Release|x86 = Release|x86
	EndGlobalSection
	GlobalSection(ProjectConfigurationPlatforms) = postSolution
		{BED850D5-0C11-4BA5-92A7-FAD4430D0B13}.Debug|x64.ActiveCfg = Debug|x64
		{BED850D5-0C11-4BA5-92A7-FAD4430D0B13}.Debug|x64.Build.0 = Debug|x64
		{BED850D5-0C11-4BA5-92A7-FAD4430D0B13}.Debug|x86.ActiveCfg = Debug|x86
		{BED850D5-0C11-4BA5-92A7-FAD4430D0B13}.Debug|x86.Build.0 = Debug|x86
		{BED850D5-0C11-4BA5-92A7-FAD4430D0B13}.Release|x64.ActiveCfg = Release|x64
		{BED850D5-0C11-4BA5-92A7-FAD4430D0B13}.Release|x64.Build.0 = Release|x64
		{BED850D5-0C11-4BA5-92A7-FAD4430D0B13}.Release|x86.ActiveCfg = Release|x86
		{BED850D5-0C11-4BA5-92A7-FAD4430D0B13}.Release|x86.Build.0 = Release|x86
	EndGlobalSection
	GlobalSection(SolutionProperties) = preSolution
		HideSolutionNode = FALSE
	EndGlobalSection
	GlobalSection(ExtensibilityGlobals) = postSolution
		SolutionGuid = {9398E40E-D7AB-4628-870A-05F8A4362702}
	EndGlobalSection
EndGlobal
